
Microsoft Visual Studio Solution File, Format Version 12.00
# Visual Studio Version 16
VisualStudioVersion = 16.0.33920.266
MinimumVisualStudioVersion = 10.0.40219.1
Project("{FAE04EC0-301F-11D3-BF4B-00C04F79EFBC}") = "Компьютерный практикум № 2 (передача параметров)", "Компьютерный практикум № 2 (передача параметров).csproj", "{94B0DDF0-0065-4B6F-AC9B-A69905434F65}"
EndProject
Global
	GlobalSection(SolutionConfigurationPlatforms) = preSolution
		Debug|Any CPU = Debug|Any CPU
		Release|Any CPU = Release|Any CPU
	EndGlobalSection
	GlobalSection(ProjectConfigurationPlatforms) = postSolution
		{94B0DDF0-0065-4B6F-AC9B-A69905434F65}.Debug|Any CPU.ActiveCfg = Debug|Any CPU
		{94B0DDF0-0065-4B6F-AC9B-A69905434F65}.Debug|Any CPU.Build.0 = Debug|Any CPU
		{94B0DDF0-0065-4B6F-AC9B-A69905434F65}.Release|Any CPU.ActiveCfg = Release|Any CPU
		{94B0DDF0-0065-4B6F-AC9B-A69905434F65}.Release|Any CPU.Build.0 = Release|Any CPU
	EndGlobalSection
	GlobalSection(SolutionProperties) = preSolution
		HideSolutionNode = FALSE
	EndGlobalSection
	GlobalSection(ExtensibilityGlobals) = postSolution
		SolutionGuid = {1060054B-E175-4EEB-A616-52D11EEFB91B}
	EndGlobalSection
EndGlobal
